
Microsoft Visual Studio Solution File, Format Version 12.00
# Visual Studio Version 16
VisualStudioVersion = 16.0.30621.155
MinimumVisualStudioVersion = 10.0.40219.1
Project("{9A19103F-16F7-4668-BE54-9A1E7A4F7556}") = "Fibonacci", "Fibonacci\Fibonacci.csproj", "{BC4F763C-8875-4024-B7FA-EBAEA7DFEDD0}"
EndProject
Global
	GlobalSection(SolutionConfigurationPlatforms) = preSolution
		Debug|Any CPU = Debug|Any CPU
		Debug|x64 = Debug|x64
		Release|Any CPU = Release|Any CPU
		Release|x64 = Release|x64
	EndGlobalSection
	GlobalSection(ProjectConfigurationPlatforms) = postSolution
		{BC4F763C-8875-4024-B7FA-EBAEA7DFEDD0}.Debug|Any CPU.ActiveCfg = Debug|Any CPU
		{BC4F763C-8875-4024-B7FA-EBAEA7DFEDD0}.Debug|Any CPU.Build.0 = Debug|Any CPU
		{BC4F763C-8875-4024-B7FA-EBAEA7DFEDD0}.Debug|x64.ActiveCfg = Debug|x64
		{BC4F763C-8875-4024-B7FA-EBAEA7DFEDD0}.Debug|x64.Build.0 = Debug|x64
		{BC4F763C-8875-4024-B7FA-EBAEA7DFEDD0}.Release|Any CPU.ActiveCfg = Release|Any CPU
		{BC4F763C-8875-4024-B7FA-EBAEA7DFEDD0}.Release|Any CPU.Build.0 = Release|Any CPU
		{BC4F763C-8875-4024-B7FA-EBAEA7DFEDD0}.Release|x64.ActiveCfg = Release|x64
		{BC4F763C-8875-4024-B7FA-EBAEA7DFEDD0}.Release|x64.Build.0 = Release|x64
	EndGlobalSection
	GlobalSection(SolutionProperties) = preSolution
		HideSolutionNode = FALSE
	EndGlobalSection
	GlobalSection(ExtensibilityGlobals) = postSolution
		SolutionGuid = {C53DB0E7-7C9E-4687-AA14-D58A28414CC1}
	EndGlobalSection
EndGlobal
